// !$*UTF8*$!
{
	archiveVersion = 1;
	classes = {
	};
	objectVersion = 56;
	objects = {

/* Begin PBXBuildFile section */
		908D94C82967837200A2C1F6 /* SwiftUICharts in Frameworks */ = {isa = PBXBuildFile; productRef = 908D94C72967837200A2C1F6 /* SwiftUICharts */; };
		90B876112965F9DF005A2626 /* Expense_TrackerApp.swift in Sources */ = {isa = PBXBuildFile; fileRef = 90B876102965F9DF005A2626 /* Expense_TrackerApp.swift */; };
		90B876132965F9DF005A2626 /* ContentView.swift in Sources */ = {isa = PBXBuildFile; fileRef = 90B876122965F9DF005A2626 /* ContentView.swift */; };
		90B876152965F9E0005A2626 /* Assets.xcassets in Resources */ = {isa = PBXBuildFile; fileRef = 90B876142965F9E0005A2626 /* Assets.xcassets */; };
		90B876182965F9E0005A2626 /* Preview Assets.xcassets in Resources */ = {isa = PBXBuildFile; fileRef = 90B876172965F9E0005A2626 /* Preview Assets.xcassets */; };
		90B8761F2965FB84005A2626 /* Extensions.swift in Sources */ = {isa = PBXBuildFile; fileRef = 90B8761E2965FB84005A2626 /* Extensions.swift */; };
		90B876212965FD02005A2626 /* TransactionModel.swift in Sources */ = {isa = PBXBuildFile; fileRef = 90B876202965FD02005A2626 /* TransactionModel.swift */; };
		90B876232965FDE3005A2626 /* PreviewData.swift in Sources */ = {isa = PBXBuildFile; fileRef = 90B876222965FDE3005A2626 /* PreviewData.swift */; };
		90B876252965FE86005A2626 /* TransactionRow.swift in Sources */ = {isa = PBXBuildFile; fileRef = 90B876242965FE86005A2626 /* TransactionRow.swift */; };
		90B87628296602FD005A2626 /* SwiftUIFontIcon in Frameworks */ = {isa = PBXBuildFile; productRef = 90B87627296602FD005A2626 /* SwiftUIFontIcon */; };
		90B8762A296603AA005A2626 /* TransactionListViewModel.swift in Sources */ = {isa = PBXBuildFile; fileRef = 90B87629296603AA005A2626 /* TransactionListViewModel.swift */; };
		90B8762C2966233A005A2626 /* RecentTransactionList.swift in Sources */ = {isa = PBXBuildFile; fileRef = 90B8762B2966233A005A2626 /* RecentTransactionList.swift */; };
		90B8762E29662BEC005A2626 /* TransactionList.swift in Sources */ = {isa = PBXBuildFile; fileRef = 90B8762D29662BEC005A2626 /* TransactionList.swift */; };
		90B8763129662E12005A2626 /* Collections in Frameworks */ = {isa = PBXBuildFile; productRef = 90B8763029662E12005A2626 /* Collections */; };
/* End PBXBuildFile section */

/* Begin PBXFileReference section */
		90B8760D2965F9DF005A2626 /* Expense Tracker.app */ = {isa = PBXFileReference; explicitFileType = wrapper.application; includeInIndex = 0; path = "Expense Tracker.app"; sourceTree = BUILT_PRODUCTS_DIR; };
		90B876102965F9DF005A2626 /* Expense_TrackerApp.swift */ = {isa = PBXFileReference; lastKnownFileType = sourcecode.swift; path = Expense_TrackerApp.swift; sourceTree = "<group>"; };
		90B876122965F9DF005A2626 /* ContentView.swift */ = {isa = PBXFileReference; lastKnownFileType = sourcecode.swift; path = ContentView.swift; sourceTree = "<group>"; };
		90B876142965F9E0005A2626 /* Assets.xcassets */ = {isa = PBXFileReference; lastKnownFileType = folder.assetcatalog; path = Assets.xcassets; sourceTree = "<group>"; };
		90B876172965F9E0005A2626 /* Preview Assets.xcassets */ = {isa = PBXFileReference; lastKnownFileType = folder.assetcatalog; path = "Preview Assets.xcassets"; sourceTree = "<group>"; };
		90B8761E2965FB84005A2626 /* Extensions.swift */ = {isa = PBXFileReference; lastKnownFileType = sourcecode.swift; path = Extensions.swift; sourceTree = "<group>"; };
		90B876202965FD02005A2626 /* TransactionModel.swift */ = {isa = PBXFileReference; lastKnownFileType = sourcecode.swift; path = TransactionModel.swift; sourceTree = "<group>"; };
		90B876222965FDE3005A2626 /* PreviewData.swift */ = {isa = PBXFileReference; lastKnownFileType = sourcecode.swift; path = PreviewData.swift; sourceTree = "<group>"; };
		90B876242965FE86005A2626 /* TransactionRow.swift */ = {isa = PBXFileReference; lastKnownFileType = sourcecode.swift; path = TransactionRow.swift; sourceTree = "<group>"; };
		90B87629296603AA005A2626 /* TransactionListViewModel.swift */ = {isa = PBXFileReference; lastKnownFileType = sourcecode.swift; path = TransactionListViewModel.swift; sourceTree = "<group>"; };
		90B8762B2966233A005A2626 /* RecentTransactionList.swift */ = {isa = PBXFileReference; lastKnownFileType = sourcecode.swift; path = RecentTransactionList.swift; sourceTree = "<group>"; };
		90B8762D29662BEC005A2626 /* TransactionList.swift */ = {isa = PBXFileReference; lastKnownFileType = sourcecode.swift; path = TransactionList.swift; sourceTree = "<group>"; };
/* End PBXFileReference section */

/* Begin PBXFrameworksBuildPhase section */
		90B8760A2965F9DF005A2626 /* Frameworks */ = {
			isa = PBXFrameworksBuildPhase;
			buildActionMask = 2147483647;
			files = (
				908D94C82967837200A2C1F6 /* SwiftUICharts in Frameworks */,
				90B8763129662E12005A2626 /* Collections in Frameworks */,
				90B87628296602FD005A2626 /* SwiftUIFontIcon in Frameworks */,
			);
			runOnlyForDeploymentPostprocessing = 0;
		};
/* End PBXFrameworksBuildPhase section */

/* Begin PBXGroup section */
		90B876042965F9DF005A2626 = {
			isa = PBXGroup;
			children = (
				90B8760F2965F9DF005A2626 /* Expense Tracker */,
				90B8760E2965F9DF005A2626 /* Products */,
			);
			sourceTree = "<group>";
		};
		90B8760E2965F9DF005A2626 /* Products */ = {
			isa = PBXGroup;
			children = (
				90B8760D2965F9DF005A2626 /* Expense Tracker.app */,
			);
			name = Products;
			sourceTree = "<group>";
		};
		90B8760F2965F9DF005A2626 /* Expense Tracker */ = {
			isa = PBXGroup;
			children = (
				90B876102965F9DF005A2626 /* Expense_TrackerApp.swift */,
				90B876122965F9DF005A2626 /* ContentView.swift */,
				90B876202965FD02005A2626 /* TransactionModel.swift */,
				90B8761E2965FB84005A2626 /* Extensions.swift */,
				90B876242965FE86005A2626 /* TransactionRow.swift */,
				90B87629296603AA005A2626 /* TransactionListViewModel.swift */,
				90B8762D29662BEC005A2626 /* TransactionList.swift */,
				90B8762B2966233A005A2626 /* RecentTransactionList.swift */,
				90B876142965F9E0005A2626 /* Assets.xcassets */,
				90B876162965F9E0005A2626 /* Preview Content */,
			);
			path = "Expense Tracker";
			sourceTree = "<group>";
		};
		90B876162965F9E0005A2626 /* Preview Content */ = {
			isa = PBXGroup;
			children = (
				90B876172965F9E0005A2626 /* Preview Assets.xcassets */,
				90B876222965FDE3005A2626 /* PreviewData.swift */,
			);
			path = "Preview Content";
			sourceTree = "<group>";
		};
/* End PBXGroup section */

/* Begin PBXNativeTarget section */
		90B8760C2965F9DF005A2626 /* Expense Tracker */ = {
			isa = PBXNativeTarget;
			buildConfigurationList = 90B8761B2965F9E0005A2626 /* Build configuration list for PBXNativeTarget "Expense Tracker" */;
			buildPhases = (
				90B876092965F9DF005A2626 /* Sources */,
				90B8760A2965F9DF005A2626 /* Frameworks */,
				90B8760B2965F9DF005A2626 /* Resources */,
			);
			buildRules = (
			);
			dependencies = (
			);
			name = "Expense Tracker";
			packageProductDependencies = (
				90B87627296602FD005A2626 /* SwiftUIFontIcon */,
				90B8763029662E12005A2626 /* Collections */,
				908D94C72967837200A2C1F6 /* SwiftUICharts */,
			);
			productName = "Expense Tracker";
			productReference = 90B8760D2965F9DF005A2626 /* Expense Tracker.app */;
			productType = "com.apple.product-type.application";
		};
/* End PBXNativeTarget section */

/* Begin PBXProject section */
		90B876052965F9DF005A2626 /* Project object */ = {
			isa = PBXProject;
			attributes = {
				BuildIndependentTargetsInParallel = 1;
				LastSwiftUpdateCheck = 1410;
				LastUpgradeCheck = 1410;
				TargetAttributes = {
					90B8760C2965F9DF005A2626 = {
						CreatedOnToolsVersion = 14.1;
					};
				};
			};
			buildConfigurationList = 90B876082965F9DF005A2626 /* Build configuration list for PBXProject "Expense Tracker" */;
			compatibilityVersion = "Xcode 14.0";
			developmentRegion = en;
			hasScannedForEncodings = 0;
			knownRegions = (
				en,
				Base,
			);
			mainGroup = 90B876042965F9DF005A2626;
			packageReferences = (
				90B87626296602FD005A2626 /* XCRemoteSwiftPackageReference "SwiftUIFontIcon" */,
				90B8762F29662E12005A2626 /* XCRemoteSwiftPackageReference "swift-collections" */,
				908D94C62967837200A2C1F6 /* XCRemoteSwiftPackageReference "ChartView" */,
			);
			productRefGroup = 90B8760E2965F9DF005A2626 /* Products */;
			projectDirPath = "";
			projectRoot = "";
			targets = (
				90B8760C2965F9DF005A2626 /* Expense Tracker */,
			);
		};
/* End PBXProject section */

/* Begin PBXResourcesBuildPhase section */
		90B8760B2965F9DF005A2626 /* Resources */ = {
			isa = PBXResourcesBuildPhase;
			buildActionMask = 2147483647;
			files = (
				90B876182965F9E0005A2626 /* Preview Assets.xcassets in Resources */,
				90B876152965F9E0005A2626 /* Assets.xcassets in Resources */,
			);
			runOnlyForDeploymentPostprocessing = 0;
		};
/* End PBXResourcesBuildPhase section */

/* Begin PBXSourcesBuildPhase section */
		90B876092965F9DF005A2626 /* Sources */ = {
			isa = PBXSourcesBuildPhase;
			buildActionMask = 2147483647;
			files = (
				90B876232965FDE3005A2626 /* PreviewData.swift in Sources */,
				90B8762E29662BEC005A2626 /* TransactionList.swift in Sources */,
				90B8762C2966233A005A2626 /* RecentTransactionList.swift in Sources */,
				90B876212965FD02005A2626 /* TransactionModel.swift in Sources */,
				90B876132965F9DF005A2626 /* ContentView.swift in Sources */,
				90B876252965FE86005A2626 /* TransactionRow.swift in Sources */,
				90B8761F2965FB84005A2626 /* Extensions.swift in Sources */,
				90B8762A296603AA005A2626 /* TransactionListViewModel.swift in Sources */,
				90B876112965F9DF005A2626 /* Expense_TrackerApp.swift in Sources */,
			);
			runOnlyForDeploymentPostprocessing = 0;
		};
/* End PBXSourcesBuildPhase section */

/* Begin XCBuildConfiguration section */
		90B876192965F9E0005A2626 /* Debug */ = {
			isa = XCBuildConfiguration;
			buildSettings = {
				ALWAYS_SEARCH_USER_PATHS = NO;
				CLANG_ANALYZER_NONNULL = YES;
				CLANG_ANALYZER_NUMBER_OBJECT_CONVERSION = YES_AGGRESSIVE;
				CLANG_CXX_LANGUAGE_STANDARD = "gnu++20";
				CLANG_ENABLE_MODULES = YES;
				CLANG_ENABLE_OBJC_ARC = YES;
				CLANG_ENABLE_OBJC_WEAK = YES;
				CLANG_WARN_BLOCK_CAPTURE_AUTORELEASING = YES;
				CLANG_WARN_BOOL_CONVERSION = YES;
				CLANG_WARN_COMMA = YES;
				CLANG_WARN_CONSTANT_CONVERSION = YES;
				CLANG_WARN_DEPRECATED_OBJC_IMPLEMENTATIONS = YES;
				CLANG_WARN_DIRECT_OBJC_ISA_USAGE = YES_ERROR;
				CLANG_WARN_DOCUMENTATION_COMMENTS = YES;
				CLANG_WARN_EMPTY_BODY = YES;
				CLANG_WARN_ENUM_CONVERSION = YES;
				CLANG_WARN_INFINITE_RECURSION = YES;
				CLANG_WARN_INT_CONVERSION = YES;
				CLANG_WARN_NON_LITERAL_NULL_CONVERSION = YES;
				CLANG_WARN_OBJC_IMPLICIT_RETAIN_SELF = YES;
				CLANG_WARN_OBJC_LITERAL_CONVERSION = YES;
				CLANG_WARN_OBJC_ROOT_CLASS = YES_ERROR;
				CLANG_WARN_QUOTED_INCLUDE_IN_FRAMEWORK_HEADER = YES;
				CLANG_WARN_RANGE_LOOP_ANALYSIS = YES;
				CLANG_WARN_STRICT_PROTOTYPES = YES;
				CLANG_WARN_SUSPICIOUS_MOVE = YES;
				CLANG_WARN_UNGUARDED_AVAILABILITY = YES_AGGRESSIVE;
				CLANG_WARN_UNREACHABLE_CODE = YES;
				CLANG_WARN__DUPLICATE_METHOD_MATCH = YES;
				COPY_PHASE_STRIP = NO;
				DEBUG_INFORMATION_FORMAT = dwarf;
				ENABLE_STRICT_OBJC_MSGSEND = YES;
				ENABLE_TESTABILITY = YES;
				GCC_C_LANGUAGE_STANDARD = gnu11;
				GCC_DYNAMIC_NO_PIC = NO;
				GCC_NO_COMMON_BLOCKS = YES;
				GCC_OPTIMIZATION_LEVEL = 0;
				GCC_PREPROCESSOR_DEFINITIONS = (
					"DEBUG=1",
					"$(inherited)",
				);
				GCC_WARN_64_TO_32_BIT_CONVERSION = YES;
				GCC_WARN_ABOUT_RETURN_TYPE = YES_ERROR;
				GCC_WARN_UNDECLARED_SELECTOR = YES;
				GCC_WARN_UNINITIALIZED_AUTOS = YES_AGGRESSIVE;
				GCC_WARN_UNUSED_FUNCTION = YES;
				GCC_WARN_UNUSED_VARIABLE = YES;
				IPHONEOS_DEPLOYMENT_TARGET = 16.1;
				MTL_ENABLE_DEBUG_INFO = INCLUDE_SOURCE;
				MTL_FAST_MATH = YES;
				ONLY_ACTIVE_ARCH = YES;
				SDKROOT = iphoneos;
				SWIFT_ACTIVE_COMPILATION_CONDITIONS = DEBUG;
				SWIFT_OPTIMIZATION_LEVEL = "-Onone";
			};
			name = Debug;
		};
		90B8761A2965F9E0005A2626 /* Release */ = {
			isa = XCBuildConfiguration;
			buildSettings = {
				ALWAYS_SEARCH_USER_PATHS = NO;
				CLANG_ANALYZER_NONNULL = YES;
				CLANG_ANALYZER_NUMBER_OBJECT_CONVERSION = YES_AGGRESSIVE;
				CLANG_CXX_LANGUAGE_STANDARD = "gnu++20";
				CLANG_ENABLE_MODULES = YES;
				CLANG_ENABLE_OBJC_ARC = YES;
				CLANG_ENABLE_OBJC_WEAK = YES;
				CLANG_WARN_BLOCK_CAPTURE_AUTORELEASING = YES;
				CLANG_WARN_BOOL_CONVERSION = YES;
				CLANG_WARN_COMMA = YES;
				CLANG_WARN_CONSTANT_CONVERSION = YES;
				CLANG_WARN_DEPRECATED_OBJC_IMPLEMENTATIONS = YES;
				CLANG_WARN_DIRECT_OBJC_ISA_USAGE = YES_ERROR;
				CLANG_WARN_DOCUMENTATION_COMMENTS = YES;
				CLANG_WARN_EMPTY_BODY = YES;
				CLANG_WARN_ENUM_CONVERSION = YES;
				CLANG_WARN_INFINITE_RECURSION = YES;
				CLANG_WARN_INT_CONVERSION = YES;
				CLANG_WARN_NON_LITERAL_NULL_CONVERSION = YES;
				CLANG_WARN_OBJC_IMPLICIT_RETAIN_SELF = YES;
				CLANG_WARN_OBJC_LITERAL_CONVERSION = YES;
				CLANG_WARN_OBJC_ROOT_CLASS = YES_ERROR;
				CLANG_WARN_QUOTED_INCLUDE_IN_FRAMEWORK_HEADER = YES;
				CLANG_WARN_RANGE_LOOP_ANALYSIS = YES;
				CLANG_WARN_STRICT_PROTOTYPES = YES;
				CLANG_WARN_SUSPICIOUS_MOVE = YES;
				CLANG_WARN_UNGUARDED_AVAILABILITY = YES_AGGRESSIVE;
				CLANG_WARN_UNREACHABLE_CODE = YES;
				CLANG_WARN__DUPLICATE_METHOD_MATCH = YES;
				COPY_PHASE_STRIP = NO;
				DEBUG_INFORMATION_FORMAT = "dwarf-with-dsym";
				ENABLE_NS_ASSERTIONS = NO;
				ENABLE_STRICT_OBJC_MSGSEND = YES;
				GCC_C_LANGUAGE_STANDARD = gnu11;
				GCC_NO_COMMON_BLOCKS = YES;
				GCC_WARN_64_TO_32_BIT_CONVERSION = YES;
				GCC_WARN_ABOUT_RETURN_TYPE = YES_ERROR;
				GCC_WARN_UNDECLARED_SELECTOR = YES;
				GCC_WARN_UNINITIALIZED_AUTOS = YES_AGGRESSIVE;
				GCC_WARN_UNUSED_FUNCTION = YES;
				GCC_WARN_UNUSED_VARIABLE = YES;
				IPHONEOS_DEPLOYMENT_TARGET = 16.1;
				MTL_ENABLE_DEBUG_INFO = NO;
				MTL_FAST_MATH = YES;
				SDKROOT = iphoneos;
				SWIFT_COMPILATION_MODE = wholemodule;
				SWIFT_OPTIMIZATION_LEVEL = "-O";
				VALIDATE_PRODUCT = YES;
			};
			name = Release;
		};
		90B8761C2965F9E0005A2626 /* Debug */ = {
			isa = XCBuildConfiguration;
			buildSettings = {
				ASSETCATALOG_COMPILER_APPICON_NAME = AppIcon;
				ASSETCATALOG_COMPILER_GLOBAL_ACCENT_COLOR_NAME = AccentColor;
				CODE_SIGN_STYLE = Automatic;
				CURRENT_PROJECT_VERSION = 1;
				DEVELOPMENT_ASSET_PATHS = "\"Expense Tracker/Preview Content\"";
				DEVELOPMENT_TEAM = 6U8HRYAE4R;
				ENABLE_PREVIEWS = YES;
				GENERATE_INFOPLIST_FILE = YES;
				INFOPLIST_KEY_UIApplicationSceneManifest_Generation = YES;
				INFOPLIST_KEY_UIApplicationSupportsIndirectInputEvents = YES;
				INFOPLIST_KEY_UILaunchScreen_Generation = YES;
				INFOPLIST_KEY_UISupportedInterfaceOrientations_iPad = "UIInterfaceOrientationPortrait UIInterfaceOrientationPortraitUpsideDown UIInterfaceOrientationLandscapeLeft UIInterfaceOrientationLandscapeRight";
				INFOPLIST_KEY_UISupportedInterfaceOrientations_iPhone = "UIInterfaceOrientationPortrait UIInterfaceOrientationLandscapeLeft UIInterfaceOrientationLandscapeRight";
				LD_RUNPATH_SEARCH_PATHS = (
					"$(inherited)",
					"@executable_path/Frameworks",
				);
				MARKETING_VERSION = 1.0;
				PRODUCT_BUNDLE_IDENTIFIER = "am.soroush.Expense-Tracker";
				PRODUCT_NAME = "$(TARGET_NAME)";
				SWIFT_EMIT_LOC_STRINGS = YES;
				SWIFT_VERSION = 5.0;
				TARGETED_DEVICE_FAMILY = "1,2";
			};
			name = Debug;
		};
		90B8761D2965F9E0005A2626 /* Release */ = {
			isa = XCBuildConfiguration;
			buildSettings = {
				ASSETCATALOG_COMPILER_APPICON_NAME = AppIcon;
				ASSETCATALOG_COMPILER_GLOBAL_ACCENT_COLOR_NAME = AccentColor;
				CODE_SIGN_STYLE = Automatic;
				CURRENT_PROJECT_VERSION = 1;
				DEVELOPMENT_ASSET_PATHS = "\"Expense Tracker/Preview Content\"";
				DEVELOPMENT_TEAM = 6U8HRYAE4R;
				ENABLE_PREVIEWS = YES;
				GENERATE_INFOPLIST_FILE = YES;
				INFOPLIST_KEY_UIApplicationSceneManifest_Generation = YES;
				INFOPLIST_KEY_UIApplicationSupportsIndirectInputEvents = YES;
				INFOPLIST_KEY_UILaunchScreen_Generation = YES;
				INFOPLIST_KEY_UISupportedInterfaceOrientations_iPad = "UIInterfaceOrientationPortrait UIInterfaceOrientationPortraitUpsideDown UIInterfaceOrientationLandscapeLeft UIInterfaceOrientationLandscapeRight";
				INFOPLIST_KEY_UISupportedInterfaceOrientations_iPhone = "UIInterfaceOrientationPortrait UIInterfaceOrientationLandscapeLeft UIInterfaceOrientationLandscapeRight";
				LD_RUNPATH_SEARCH_PATHS = (
					"$(inherited)",
					"@executable_path/Frameworks",
				);
				MARKETING_VERSION = 1.0;
				PRODUCT_BUNDLE_IDENTIFIER = "am.soroush.Expense-Tracker";
				PRODUCT_NAME = "$(TARGET_NAME)";
				SWIFT_EMIT_LOC_STRINGS = YES;
				SWIFT_VERSION = 5.0;
				TARGETED_DEVICE_FAMILY = "1,2";
			};
			name = Release;
		};
/* End XCBuildConfiguration section */

/* Begin XCConfigurationList section */
		90B876082965F9DF005A2626 /* Build configuration list for PBXProject "Expense Tracker" */ = {
			isa = XCConfigurationList;
			buildConfigurations = (
				90B876192965F9E0005A2626 /* Debug */,
				90B8761A2965F9E0005A2626 /* Release */,
			);
			defaultConfigurationIsVisible = 0;
			defaultConfigurationName = Release;
		};
		90B8761B2965F9E0005A2626 /* Build configuration list for PBXNativeTarget "Expense Tracker" */ = {
			isa = XCConfigurationList;
			buildConfigurations = (
				90B8761C2965F9E0005A2626 /* Debug */,
				90B8761D2965F9E0005A2626 /* Release */,
			);
			defaultConfigurationIsVisible = 0;
			defaultConfigurationName = Release;
		};
/* End XCConfigurationList section */

/* Begin XCRemoteSwiftPackageReference section */
		908D94C62967837200A2C1F6 /* XCRemoteSwiftPackageReference "ChartView" */ = {
			isa = XCRemoteSwiftPackageReference;
			repositoryURL = "https://github.com/AppPear/ChartView";
			requirement = {
				kind = exactVersion;
				version = "2.0.0-beta.2";
			};
		};
		90B87626296602FD005A2626 /* XCRemoteSwiftPackageReference "SwiftUIFontIcon" */ = {
			isa = XCRemoteSwiftPackageReference;
			repositoryURL = "https://github.com/huybuidac/SwiftUIFontIcon";
			requirement = {
				kind = upToNextMajorVersion;
				minimumVersion = 2.0.0;
			};
		};
		90B8762F29662E12005A2626 /* XCRemoteSwiftPackageReference "swift-collections" */ = {
			isa = XCRemoteSwiftPackageReference;
			repositoryURL = "https://github.com/apple/swift-collections.git";
			requirement = {
				kind = upToNextMajorVersion;
				minimumVersion = 1.0.0;
			};
		};
/* End XCRemoteSwiftPackageReference section */

/* Begin XCSwiftPackageProductDependency section */
		908D94C72967837200A2C1F6 /* SwiftUICharts */ = {
			isa = XCSwiftPackageProductDependency;
			package = 908D94C62967837200A2C1F6 /* XCRemoteSwiftPackageReference "ChartView" */;
			productName = SwiftUICharts;
		};
		90B87627296602FD005A2626 /* SwiftUIFontIcon */ = {
			isa = XCSwiftPackageProductDependency;
			package = 90B87626296602FD005A2626 /* XCRemoteSwiftPackageReference "SwiftUIFontIcon" */;
			productName = SwiftUIFontIcon;
		};
		90B8763029662E12005A2626 /* Collections */ = {
			isa = XCSwiftPackageProductDependency;
			package = 90B8762F29662E12005A2626 /* XCRemoteSwiftPackageReference "swift-collections" */;
			productName = Collections;
		};
/* End XCSwiftPackageProductDependency section */
	};
	rootObject = 90B876052965F9DF005A2626 /* Project object */;
}
